
Microsoft Visual Studio Solution File, Format Version 12.00
# Visual Studio Version 16
VisualStudioVersion = 16.0.30104.148
MinimumVisualStudioVersion = 10.0.40219.1
Project("{FAE04EC0-301F-11D3-BF4B-00C04F79EFBC}") = "EditordeTexto", "EditordeTexto\EditordeTexto.csproj", "{DF25E127-0269-42D9-9630-CCED781FFCF1}"
EndProject
Global
	GlobalSection(SolutionConfigurationPlatforms) = preSolution
		Debug|Any CPU = Debug|Any CPU
		Release|Any CPU = Release|Any CPU
	EndGlobalSection
	GlobalSection(ProjectConfigurationPlatforms) = postSolution
		{DF25E127-0269-42D9-9630-CCED781FFCF1}.Debug|Any CPU.ActiveCfg = Debug|Any CPU
		{DF25E127-0269-42D9-9630-CCED781FFCF1}.Debug|Any CPU.Build.0 = Debug|Any CPU
		{DF25E127-0269-42D9-9630-CCED781FFCF1}.Release|Any CPU.ActiveCfg = Release|Any CPU
		{DF25E127-0269-42D9-9630-CCED781FFCF1}.Release|Any CPU.Build.0 = Release|Any CPU
	EndGlobalSection
	GlobalSection(SolutionProperties) = preSolution
		HideSolutionNode = FALSE
	EndGlobalSection
	GlobalSection(ExtensibilityGlobals) = postSolution
		SolutionGuid = {3A2038E4-8370-4308-BB4B-B1E327CB7A45}
	EndGlobalSection
EndGlobal
